
Microsoft Visual Studio Solution File, Format Version 12.00
Project("{FAE04EC0-301F-11D3-BF4B-00C04F79EFBC}") = "AudioWorkstation.Core", "AudioWorkstation.Core\AudioWorkstation.Core.csproj", "{00C3960E-AC90-48A4-B357-A3E9C5EBD4FD}"
EndProject
Project("{FAE04EC0-301F-11D3-BF4B-00C04F79EFBC}") = "AudioWorkstation.UI", "AudioWorkstation.UI\AudioWorkstation.UI.csproj", "{FE580902-76E2-421D-9990-9B4496898BAE}"
EndProject
Project("{FAE04EC0-301F-11D3-BF4B-00C04F79EFBC}") = "AudioWorkstation.YouTube", "AudioWorkstation.YouTube\AudioWorkstation.YouTube.csproj", "{86BF9637-F089-433C-B593-8309C78FD798}"
EndProject
Project("{FAE04EC0-301F-11D3-BF4B-00C04F79EFBC}") = "AudioWorkstation.Core.Tests", "AudioWorkstation.Core.Tests\AudioWorkstation.Core.Tests.csproj", "{FD0709FC-2AD2-49C8-BF93-E8FC29FA4E3B}"
EndProject
Global
	GlobalSection(SolutionConfigurationPlatforms) = preSolution
		Debug|Any CPU = Debug|Any CPU
		Release|Any CPU = Release|Any CPU
	EndGlobalSection
	GlobalSection(ProjectConfigurationPlatforms) = postSolution
		{00C3960E-AC90-48A4-B357-A3E9C5EBD4FD}.Debug|Any CPU.ActiveCfg = Debug|Any CPU
		{00C3960E-AC90-48A4-B357-A3E9C5EBD4FD}.Debug|Any CPU.Build.0 = Debug|Any CPU
		{00C3960E-AC90-48A4-B357-A3E9C5EBD4FD}.Release|Any CPU.ActiveCfg = Release|Any CPU
		{00C3960E-AC90-48A4-B357-A3E9C5EBD4FD}.Release|Any CPU.Build.0 = Release|Any CPU
		{FE580902-76E2-421D-9990-9B4496898BAE}.Debug|Any CPU.ActiveCfg = Debug|Any CPU
		{FE580902-76E2-421D-9990-9B4496898BAE}.Debug|Any CPU.Build.0 = Debug|Any CPU
		{FE580902-76E2-421D-9990-9B4496898BAE}.Release|Any CPU.ActiveCfg = Release|Any CPU
		{FE580902-76E2-421D-9990-9B4496898BAE}.Release|Any CPU.Build.0 = Release|Any CPU
		{86BF9637-F089-433C-B593-8309C78FD798}.Debug|Any CPU.ActiveCfg = Debug|Any CPU
		{86BF9637-F089-433C-B593-8309C78FD798}.Debug|Any CPU.Build.0 = Debug|Any CPU
		{86BF9637-F089-433C-B593-8309C78FD798}.Release|Any CPU.ActiveCfg = Release|Any CPU
		{86BF9637-F089-433C-B593-8309C78FD798}.Release|Any CPU.Build.0 = Release|Any CPU
		{FD0709FC-2AD2-49C8-BF93-E8FC29FA4E3B}.Debug|Any CPU.ActiveCfg = Debug|Any CPU
		{FD0709FC-2AD2-49C8-BF93-E8FC29FA4E3B}.Debug|Any CPU.Build.0 = Debug|Any CPU
		{FD0709FC-2AD2-49C8-BF93-E8FC29FA4E3B}.Release|Any CPU.ActiveCfg = Release|Any CPU
		{FD0709FC-2AD2-49C8-BF93-E8FC29FA4E3B}.Release|Any CPU.Build.0 = Release|Any CPU
	EndGlobalSection
EndGlobal
